// !$*UTF8*$!
{
	archiveVersion = 1;
	classes = {
	};
	objectVersion = 50;
	objects = {

/* Begin PBXBuildFile section */
		77888E12223468B100308D29 /* AppDelegate.swift in Sources */ = {isa = PBXBuildFile; fileRef = 77888E11223468B100308D29 /* AppDelegate.swift */; };
		77888E14223468B100308D29 /* ViewController.swift in Sources */ = {isa = PBXBuildFile; fileRef = 77888E13223468B100308D29 /* ViewController.swift */; };
		77888E17223468B100308D29 /* Main.storyboard in Resources */ = {isa = PBXBuildFile; fileRef = 77888E15223468B100308D29 /* Main.storyboard */; };
		77888E19223468B300308D29 /* Assets.xcassets in Resources */ = {isa = PBXBuildFile; fileRef = 77888E18223468B300308D29 /* Assets.xcassets */; };
		77888E1C223468B300308D29 /* LaunchScreen.storyboard in Resources */ = {isa = PBXBuildFile; fileRef = 77888E1A223468B300308D29 /* LaunchScreen.storyboard */; };
		77888E27223468B300308D29 /* _0190309_AndrewFruth_NYCSchoolsTests.swift in Sources */ = {isa = PBXBuildFile; fileRef = 77888E26223468B300308D29 /* _0190309_AndrewFruth_NYCSchoolsTests.swift */; };
/* End PBXBuildFile section */

/* Begin PBXContainerItemProxy section */
		77888E23223468B300308D29 /* PBXContainerItemProxy */ = {
			isa = PBXContainerItemProxy;
			containerPortal = 77888E06223468B100308D29 /* Project object */;
			proxyType = 1;
			remoteGlobalIDString = 77888E0D223468B100308D29;
			remoteInfo = "20190309-AndrewFruth-NYCSchools";
		};
/* End PBXContainerItemProxy section */

/* Begin PBXFileReference section */
		77888E0E223468B100308D29 /* 20190309-AndrewFruth-NYCSchools.app */ = {isa = PBXFileReference; explicitFileType = wrapper.application; includeInIndex = 0; path = "20190309-AndrewFruth-NYCSchools.app"; sourceTree = BUILT_PRODUCTS_DIR; };
		77888E11223468B100308D29 /* AppDelegate.swift */ = {isa = PBXFileReference; lastKnownFileType = sourcecode.swift; path = AppDelegate.swift; sourceTree = "<group>"; };
		77888E13223468B100308D29 /* ViewController.swift */ = {isa = PBXFileReference; lastKnownFileType = sourcecode.swift; path = ViewController.swift; sourceTree = "<group>"; };
		77888E16223468B100308D29 /* Base */ = {isa = PBXFileReference; lastKnownFileType = file.storyboard; name = Base; path = Base.lproj/Main.storyboard; sourceTree = "<group>"; };
		77888E18223468B300308D29 /* Assets.xcassets */ = {isa = PBXFileReference; lastKnownFileType = folder.assetcatalog; path = Assets.xcassets; sourceTree = "<group>"; };
		77888E1B223468B300308D29 /* Base */ = {isa = PBXFileReference; lastKnownFileType = file.storyboard; name = Base; path = Base.lproj/LaunchScreen.storyboard; sourceTree = "<group>"; };
		77888E1D223468B300308D29 /* Info.plist */ = {isa = PBXFileReference; lastKnownFileType = text.plist.xml; path = Info.plist; sourceTree = "<group>"; };
		77888E22223468B300308D29 /* 20190309-AndrewFruth-NYCSchoolsTests.xctest */ = {isa = PBXFileReference; explicitFileType = wrapper.cfbundle; includeInIndex = 0; path = "20190309-AndrewFruth-NYCSchoolsTests.xctest"; sourceTree = BUILT_PRODUCTS_DIR; };
		77888E26223468B300308D29 /* _0190309_AndrewFruth_NYCSchoolsTests.swift */ = {isa = PBXFileReference; lastKnownFileType = sourcecode.swift; path = _0190309_AndrewFruth_NYCSchoolsTests.swift; sourceTree = "<group>"; };
		77888E28223468B300308D29 /* Info.plist */ = {isa = PBXFileReference; lastKnownFileType = text.plist.xml; path = Info.plist; sourceTree = "<group>"; };
/* End PBXFileReference section */

/* Begin PBXFrameworksBuildPhase section */
		77888E0B223468B100308D29 /* Frameworks */ = {
			isa = PBXFrameworksBuildPhase;
			buildActionMask = 2147483647;
			files = (
			);
			runOnlyForDeploymentPostprocessing = 0;
		};
		77888E1F223468B300308D29 /* Frameworks */ = {
			isa = PBXFrameworksBuildPhase;
			buildActionMask = 2147483647;
			files = (
			);
			runOnlyForDeploymentPostprocessing = 0;
		};
/* End PBXFrameworksBuildPhase section */

/* Begin PBXGroup section */
		77888E05223468B100308D29 = {
			isa = PBXGroup;
			children = (
				77888E10223468B100308D29 /* 20190309-AndrewFruth-NYCSchools */,
				77888E25223468B300308D29 /* 20190309-AndrewFruth-NYCSchoolsTests */,
				77888E0F223468B100308D29 /* Products */,
			);
			sourceTree = "<group>";
		};
		77888E0F223468B100308D29 /* Products */ = {
			isa = PBXGroup;
			children = (
				77888E0E223468B100308D29 /* 20190309-AndrewFruth-NYCSchools.app */,
				77888E22223468B300308D29 /* 20190309-AndrewFruth-NYCSchoolsTests.xctest */,
			);
			name = Products;
			sourceTree = "<group>";
		};
		77888E10223468B100308D29 /* 20190309-AndrewFruth-NYCSchools */ = {
			isa = PBXGroup;
			children = (
				77888E11223468B100308D29 /* AppDelegate.swift */,
				77888E13223468B100308D29 /* ViewController.swift */,
				77888E15223468B100308D29 /* Main.storyboard */,
				77888E18223468B300308D29 /* Assets.xcassets */,
				77888E1A223468B300308D29 /* LaunchScreen.storyboard */,
				77888E1D223468B300308D29 /* Info.plist */,
			);
			path = "20190309-AndrewFruth-NYCSchools";
			sourceTree = "<group>";
		};
		77888E25223468B300308D29 /* 20190309-AndrewFruth-NYCSchoolsTests */ = {
			isa = PBXGroup;
			children = (
				77888E26223468B300308D29 /* _0190309_AndrewFruth_NYCSchoolsTests.swift */,
				77888E28223468B300308D29 /* Info.plist */,
			);
			path = "20190309-AndrewFruth-NYCSchoolsTests";
			sourceTree = "<group>";
		};
/* End PBXGroup section */

/* Begin PBXNativeTarget section */
		77888E0D223468B100308D29 /* 20190309-AndrewFruth-NYCSchools */ = {
			isa = PBXNativeTarget;
			buildConfigurationList = 77888E2B223468B300308D29 /* Build configuration list for PBXNativeTarget "20190309-AndrewFruth-NYCSchools" */;
			buildPhases = (
				77888E0A223468B100308D29 /* Sources */,
				77888E0B223468B100308D29 /* Frameworks */,
				77888E0C223468B100308D29 /* Resources */,
			);
			buildRules = (
			);
			dependencies = (
			);
			name = "20190309-AndrewFruth-NYCSchools";
			productName = "20190309-AndrewFruth-NYCSchools";
			productReference = 77888E0E223468B100308D29 /* 20190309-AndrewFruth-NYCSchools.app */;
			productType = "com.apple.product-type.application";
		};
		77888E21223468B300308D29 /* 20190309-AndrewFruth-NYCSchoolsTests */ = {
			isa = PBXNativeTarget;
			buildConfigurationList = 77888E2E223468B300308D29 /* Build configuration list for PBXNativeTarget "20190309-AndrewFruth-NYCSchoolsTests" */;
			buildPhases = (
				77888E1E223468B300308D29 /* Sources */,
				77888E1F223468B300308D29 /* Frameworks */,
				77888E20223468B300308D29 /* Resources */,
			);
			buildRules = (
			);
			dependencies = (
				77888E24223468B300308D29 /* PBXTargetDependency */,
			);
			name = "20190309-AndrewFruth-NYCSchoolsTests";
			productName = "20190309-AndrewFruth-NYCSchoolsTests";
			productReference = 77888E22223468B300308D29 /* 20190309-AndrewFruth-NYCSchoolsTests.xctest */;
			productType = "com.apple.product-type.bundle.unit-test";
		};
/* End PBXNativeTarget section */

/* Begin PBXProject section */
		77888E06223468B100308D29 /* Project object */ = {
			isa = PBXProject;
			attributes = {
				LastSwiftUpdateCheck = 1010;
				LastUpgradeCheck = 1010;
				ORGANIZATIONNAME = "Andrew Fruth";
				TargetAttributes = {
					77888E0D223468B100308D29 = {
						CreatedOnToolsVersion = 10.1;
					};
					77888E21223468B300308D29 = {
						CreatedOnToolsVersion = 10.1;
						TestTargetID = 77888E0D223468B100308D29;
					};
				};
			};
			buildConfigurationList = 77888E09223468B100308D29 /* Build configuration list for PBXProject "20190309-AndrewFruth-NYCSchools" */;
			compatibilityVersion = "Xcode 9.3";
			developmentRegion = en;
			hasScannedForEncodings = 0;
			knownRegions = (
				en,
				Base,
			);
			mainGroup = 77888E05223468B100308D29;
			productRefGroup = 77888E0F223468B100308D29 /* Products */;
			projectDirPath = "";
			projectRoot = "";
			targets = (
				77888E0D223468B100308D29 /* 20190309-AndrewFruth-NYCSchools */,
				77888E21223468B300308D29 /* 20190309-AndrewFruth-NYCSchoolsTests */,
			);
		};
/* End PBXProject section */

/* Begin PBXResourcesBuildPhase section */
		77888E0C223468B100308D29 /* Resources */ = {
			isa = PBXResourcesBuildPhase;
			buildActionMask = 2147483647;
			files = (
				77888E1C223468B300308D29 /* LaunchScreen.storyboard in Resources */,
				77888E19223468B300308D29 /* Assets.xcassets in Resources */,
				77888E17223468B100308D29 /* Main.storyboard in Resources */,
			);
			runOnlyForDeploymentPostprocessing = 0;
		};
		77888E20223468B300308D29 /* Resources */ = {
			isa = PBXResourcesBuildPhase;
			buildActionMask = 2147483647;
			files = (
			);
			runOnlyForDeploymentPostprocessing = 0;
		};
/* End PBXResourcesBuildPhase section */

/* Begin PBXSourcesBuildPhase section */
		77888E0A223468B100308D29 /* Sources */ = {
			isa = PBXSourcesBuildPhase;
			buildActionMask = 2147483647;
			files = (
				77888E14223468B100308D29 /* ViewController.swift in Sources */,
				77888E12223468B100308D29 /* AppDelegate.swift in Sources */,
			);
			runOnlyForDeploymentPostprocessing = 0;
		};
		77888E1E223468B300308D29 /* Sources */ = {
			isa = PBXSourcesBuildPhase;
			buildActionMask = 2147483647;
			files = (
				77888E27223468B300308D29 /* _0190309_AndrewFruth_NYCSchoolsTests.swift in Sources */,
			);
			runOnlyForDeploymentPostprocessing = 0;
		};
/* End PBXSourcesBuildPhase section */

/* Begin PBXTargetDependency section */
		77888E24223468B300308D29 /* PBXTargetDependency */ = {
			isa = PBXTargetDependency;
			target = 77888E0D223468B100308D29 /* 20190309-AndrewFruth-NYCSchools */;
			targetProxy = 77888E23223468B300308D29 /* PBXContainerItemProxy */;
		};
/* End PBXTargetDependency section */

/* Begin PBXVariantGroup section */
		77888E15223468B100308D29 /* Main.storyboard */ = {
			isa = PBXVariantGroup;
			children = (
				77888E16223468B100308D29 /* Base */,
			);
			name = Main.storyboard;
			sourceTree = "<group>";
		};
		77888E1A223468B300308D29 /* LaunchScreen.storyboard */ = {
			isa = PBXVariantGroup;
			children = (
				77888E1B223468B300308D29 /* Base */,
			);
			name = LaunchScreen.storyboard;
			sourceTree = "<group>";
		};
/* End PBXVariantGroup section */

/* Begin XCBuildConfiguration section */
		77888E29223468B300308D29 /* Debug */ = {
			isa = XCBuildConfiguration;
			buildSettings = {
				ALWAYS_SEARCH_USER_PATHS = NO;
				CLANG_ANALYZER_NONNULL = YES;
				CLANG_ANALYZER_NUMBER_OBJECT_CONVERSION = YES_AGGRESSIVE;
				CLANG_CXX_LANGUAGE_STANDARD = "gnu++14";
				CLANG_CXX_LIBRARY = "libc++";
				CLANG_ENABLE_MODULES = YES;
				CLANG_ENABLE_OBJC_ARC = YES;
				CLANG_ENABLE_OBJC_WEAK = YES;
				CLANG_WARN_BLOCK_CAPTURE_AUTORELEASING = YES;
				CLANG_WARN_BOOL_CONVERSION = YES;
				CLANG_WARN_COMMA = YES;
				CLANG_WARN_CONSTANT_CONVERSION = YES;
				CLANG_WARN_DEPRECATED_OBJC_IMPLEMENTATIONS = YES;
				CLANG_WARN_DIRECT_OBJC_ISA_USAGE = YES_ERROR;
				CLANG_WARN_DOCUMENTATION_COMMENTS = YES;
				CLANG_WARN_EMPTY_BODY = YES;
				CLANG_WARN_ENUM_CONVERSION = YES;
				CLANG_WARN_INFINITE_RECURSION = YES;
				CLANG_WARN_INT_CONVERSION = YES;
				CLANG_WARN_NON_LITERAL_NULL_CONVERSION = YES;
				CLANG_WARN_OBJC_IMPLICIT_RETAIN_SELF = YES;
				CLANG_WARN_OBJC_LITERAL_CONVERSION = YES;
				CLANG_WARN_OBJC_ROOT_CLASS = YES_ERROR;
				CLANG_WARN_RANGE_LOOP_ANALYSIS = YES;
				CLANG_WARN_STRICT_PROTOTYPES = YES;
				CLANG_WARN_SUSPICIOUS_MOVE = YES;
				CLANG_WARN_UNGUARDED_AVAILABILITY = YES_AGGRESSIVE;
				CLANG_WARN_UNREACHABLE_CODE = YES;
				CLANG_WARN__DUPLICATE_METHOD_MATCH = YES;
				CODE_SIGN_IDENTITY = "iPhone Developer";
				COPY_PHASE_STRIP = NO;
				DEBUG_INFORMATION_FORMAT = dwarf;
				ENABLE_STRICT_OBJC_MSGSEND = YES;
				ENABLE_TESTABILITY = YES;
				GCC_C_LANGUAGE_STANDARD = gnu11;
				GCC_DYNAMIC_NO_PIC = NO;
				GCC_NO_COMMON_BLOCKS = YES;
				GCC_OPTIMIZATION_LEVEL = 0;
				GCC_PREPROCESSOR_DEFINITIONS = (
					"DEBUG=1",
					"$(inherited)",
				);
				GCC_WARN_64_TO_32_BIT_CONVERSION = YES;
				GCC_WARN_ABOUT_RETURN_TYPE = YES_ERROR;
				GCC_WARN_UNDECLARED_SELECTOR = YES;
				GCC_WARN_UNINITIALIZED_AUTOS = YES_AGGRESSIVE;
				GCC_WARN_UNUSED_FUNCTION = YES;
				GCC_WARN_UNUSED_VARIABLE = YES;
				IPHONEOS_DEPLOYMENT_TARGET = 12.1;
				MTL_ENABLE_DEBUG_INFO = INCLUDE_SOURCE;
				MTL_FAST_MATH = YES;
				ONLY_ACTIVE_ARCH = YES;
				SDKROOT = iphoneos;
				SWIFT_ACTIVE_COMPILATION_CONDITIONS = DEBUG;
				SWIFT_OPTIMIZATION_LEVEL = "-Onone";
			};
			name = Debug;
		};
		77888E2A223468B300308D29 /* Release */ = {
			isa = XCBuildConfiguration;
			buildSettings = {
				ALWAYS_SEARCH_USER_PATHS = NO;
				CLANG_ANALYZER_NONNULL = YES;
				CLANG_ANALYZER_NUMBER_OBJECT_CONVERSION = YES_AGGRESSIVE;
				CLANG_CXX_LANGUAGE_STANDARD = "gnu++14";
				CLANG_CXX_LIBRARY = "libc++";
				CLANG_ENABLE_MODULES = YES;
				CLANG_ENABLE_OBJC_ARC = YES;
				CLANG_ENABLE_OBJC_WEAK = YES;
				CLANG_WARN_BLOCK_CAPTURE_AUTORELEASING = YES;
				CLANG_WARN_BOOL_CONVERSION = YES;
				CLANG_WARN_COMMA = YES;
				CLANG_WARN_CONSTANT_CONVERSION = YES;
				CLANG_WARN_DEPRECATED_OBJC_IMPLEMENTATIONS = YES;
				CLANG_WARN_DIRECT_OBJC_ISA_USAGE = YES_ERROR;
				CLANG_WARN_DOCUMENTATION_COMMENTS = YES;
				CLANG_WARN_EMPTY_BODY = YES;
				CLANG_WARN_ENUM_CONVERSION = YES;
				CLANG_WARN_INFINITE_RECURSION = YES;
				CLANG_WARN_INT_CONVERSION = YES;
				CLANG_WARN_NON_LITERAL_NULL_CONVERSION = YES;
				CLANG_WARN_OBJC_IMPLICIT_RETAIN_SELF = YES;
				CLANG_WARN_OBJC_LITERAL_CONVERSION = YES;
				CLANG_WARN_OBJC_ROOT_CLASS = YES_ERROR;
				CLANG_WARN_RANGE_LOOP_ANALYSIS = YES;
				CLANG_WARN_STRICT_PROTOTYPES = YES;
				CLANG_WARN_SUSPICIOUS_MOVE = YES;
				CLANG_WARN_UNGUARDED_AVAILABILITY = YES_AGGRESSIVE;
				CLANG_WARN_UNREACHABLE_CODE = YES;
				CLANG_WARN__DUPLICATE_METHOD_MATCH = YES;
				CODE_SIGN_IDENTITY = "iPhone Developer";
				COPY_PHASE_STRIP = NO;
				DEBUG_INFORMATION_FORMAT = "dwarf-with-dsym";
				ENABLE_NS_ASSERTIONS = NO;
				ENABLE_STRICT_OBJC_MSGSEND = YES;
				GCC_C_LANGUAGE_STANDARD = gnu11;
				GCC_NO_COMMON_BLOCKS = YES;
				GCC_WARN_64_TO_32_BIT_CONVERSION = YES;
				GCC_WARN_ABOUT_RETURN_TYPE = YES_ERROR;
				GCC_WARN_UNDECLARED_SELECTOR = YES;
				GCC_WARN_UNINITIALIZED_AUTOS = YES_AGGRESSIVE;
				GCC_WARN_UNUSED_FUNCTION = YES;
				GCC_WARN_UNUSED_VARIABLE = YES;
				IPHONEOS_DEPLOYMENT_TARGET = 12.1;
				MTL_ENABLE_DEBUG_INFO = NO;
				MTL_FAST_MATH = YES;
				SDKROOT = iphoneos;
				SWIFT_COMPILATION_MODE = wholemodule;
				SWIFT_OPTIMIZATION_LEVEL = "-O";
				VALIDATE_PRODUCT = YES;
			};
			name = Release;
		};
		77888E2C223468B300308D29 /* Debug */ = {
			isa = XCBuildConfiguration;
			buildSettings = {
				ASSETCATALOG_COMPILER_APPICON_NAME = AppIcon;
				CODE_SIGN_STYLE = Automatic;
				DEVELOPMENT_TEAM = L6677SELQ2;
				INFOPLIST_FILE = "20190309-AndrewFruth-NYCSchools/Info.plist";
				LD_RUNPATH_SEARCH_PATHS = (
					"$(inherited)",
					"@executable_path/Frameworks",
				);
				PRODUCT_BUNDLE_IDENTIFIER = "andrew.fruth.-0190309-AndrewFruth-NYCSchools";
				PRODUCT_NAME = "$(TARGET_NAME)";
				SWIFT_VERSION = 4.2;
				TARGETED_DEVICE_FAMILY = "1,2";
			};
			name = Debug;
		};
		77888E2D223468B300308D29 /* Release */ = {
			isa = XCBuildConfiguration;
			buildSettings = {
				ASSETCATALOG_COMPILER_APPICON_NAME = AppIcon;
				CODE_SIGN_STYLE = Automatic;
				DEVELOPMENT_TEAM = L6677SELQ2;
				INFOPLIST_FILE = "20190309-AndrewFruth-NYCSchools/Info.plist";
				LD_RUNPATH_SEARCH_PATHS = (
					"$(inherited)",
					"@executable_path/Frameworks",
				);
				PRODUCT_BUNDLE_IDENTIFIER = "andrew.fruth.-0190309-AndrewFruth-NYCSchools";
				PRODUCT_NAME = "$(TARGET_NAME)";
				SWIFT_VERSION = 4.2;
				TARGETED_DEVICE_FAMILY = "1,2";
			};
			name = Release;
		};
		77888E2F223468B300308D29 /* Debug */ = {
			isa = XCBuildConfiguration;
			buildSettings = {
				ALWAYS_EMBED_SWIFT_STANDARD_LIBRARIES = YES;
				BUNDLE_LOADER = "$(TEST_HOST)";
				CODE_SIGN_STYLE = Automatic;
				DEVELOPMENT_TEAM = L6677SELQ2;
				INFOPLIST_FILE = "20190309-AndrewFruth-NYCSchoolsTests/Info.plist";
				LD_RUNPATH_SEARCH_PATHS = (
					"$(inherited)",
					"@executable_path/Frameworks",
					"@loader_path/Frameworks",
				);
				PRODUCT_BUNDLE_IDENTIFIER = "andrew.fruth.-0190309-AndrewFruth-NYCSchoolsTests";
				PRODUCT_NAME = "$(TARGET_NAME)";
				SWIFT_VERSION = 4.2;
				TARGETED_DEVICE_FAMILY = "1,2";
				TEST_HOST = "$(BUILT_PRODUCTS_DIR)/20190309-AndrewFruth-NYCSchools.app/20190309-AndrewFruth-NYCSchools";
			};
			name = Debug;
		};
		77888E30223468B300308D29 /* Release */ = {
			isa = XCBuildConfiguration;
			buildSettings = {
				ALWAYS_EMBED_SWIFT_STANDARD_LIBRARIES = YES;
				BUNDLE_LOADER = "$(TEST_HOST)";
				CODE_SIGN_STYLE = Automatic;
				DEVELOPMENT_TEAM = L6677SELQ2;
				INFOPLIST_FILE = "20190309-AndrewFruth-NYCSchoolsTests/Info.plist";
				LD_RUNPATH_SEARCH_PATHS = (
					"$(inherited)",
					"@executable_path/Frameworks",
					"@loader_path/Frameworks",
				);
				PRODUCT_BUNDLE_IDENTIFIER = "andrew.fruth.-0190309-AndrewFruth-NYCSchoolsTests";
				PRODUCT_NAME = "$(TARGET_NAME)";
				SWIFT_VERSION = 4.2;
				TARGETED_DEVICE_FAMILY = "1,2";
				TEST_HOST = "$(BUILT_PRODUCTS_DIR)/20190309-AndrewFruth-NYCSchools.app/20190309-AndrewFruth-NYCSchools";
			};
			name = Release;
		};
/* End XCBuildConfiguration section */

/* Begin XCConfigurationList section */
		77888E09223468B100308D29 /* Build configuration list for PBXProject "20190309-AndrewFruth-NYCSchools" */ = {
			isa = XCConfigurationList;
			buildConfigurations = (
				77888E29223468B300308D29 /* Debug */,
				77888E2A223468B300308D29 /* Release */,
			);
			defaultConfigurationIsVisible = 0;
			defaultConfigurationName = Release;
		};
		77888E2B223468B300308D29 /* Build configuration list for PBXNativeTarget "20190309-AndrewFruth-NYCSchools" */ = {
			isa = XCConfigurationList;
			buildConfigurations = (
				77888E2C223468B300308D29 /* Debug */,
				77888E2D223468B300308D29 /* Release */,
			);
			defaultConfigurationIsVisible = 0;
			defaultConfigurationName = Release;
		};
		77888E2E223468B300308D29 /* Build configuration list for PBXNativeTarget "20190309-AndrewFruth-NYCSchoolsTests" */ = {
			isa = XCConfigurationList;
			buildConfigurations = (
				77888E2F223468B300308D29 /* Debug */,
				77888E30223468B300308D29 /* Release */,
			);
			defaultConfigurationIsVisible = 0;
			defaultConfigurationName = Release;
		};
/* End XCConfigurationList section */
	};
	rootObject = 77888E06223468B100308D29 /* Project object */;
}
